// !$*UTF8*$!
{
	archiveVersion = 1;
	classes = {
	};
	objectVersion = 46;
	objects = {

/* Begin PBXBuildFile section */
		F118365C1483C3CB00D6ED81 /* logo-codegears.png in Resources */ = {isa = PBXBuildFile; fileRef = F118365A1483C3CB00D6ED81 /* logo-codegears.png */; };
		F118365D1483C3CB00D6ED81 /* logo-codegears@2x.png in Resources */ = {isa = PBXBuildFile; fileRef = F118365B1483C3CB00D6ED81 /* logo-codegears@2x.png */; };
		F14A205B13D51E13008EE7A4 /* SystemConfiguration.framework in Frameworks */ = {isa = PBXBuildFile; fileRef = F14A205A13D51E13008EE7A4 /* SystemConfiguration.framework */; };
		F19BA5B713F4B77E00C2C967 /* InfoViewController.m in Sources */ = {isa = PBXBuildFile; fileRef = F19BA5B613F4B77E00C2C967 /* InfoViewController.m */; };
		F19BA5BB13F4B7A700C2C967 /* InfoView.xib in Resources */ = {isa = PBXBuildFile; fileRef = F19BA5B913F4B7A700C2C967 /* InfoView.xib */; };
		F1C9D03414806A3C006AA758 /* NSData+AESCrypt.m in Sources */ = {isa = PBXBuildFile; fileRef = F1C9D03114806A3C006AA758 /* NSData+AESCrypt.m */; };
		F1C9D03514806A3C006AA758 /* NSString+AESCrypt.m in Sources */ = {isa = PBXBuildFile; fileRef = F1C9D03314806A3C006AA758 /* NSString+AESCrypt.m */; };
		F1C9D04014806CDE006AA758 /* background-main.png in Resources */ = {isa = PBXBuildFile; fileRef = F1C9D03E14806CDE006AA758 /* background-main.png */; };
		F1C9D04114806CDE006AA758 /* background-main@2x.png in Resources */ = {isa = PBXBuildFile; fileRef = F1C9D03F14806CDE006AA758 /* background-main@2x.png */; };
		F1C9D04A14807BB7006AA758 /* background-input.png in Resources */ = {isa = PBXBuildFile; fileRef = F1C9D04214807BB7006AA758 /* background-input.png */; };
		F1C9D04B14807BB7006AA758 /* background-input@2x.png in Resources */ = {isa = PBXBuildFile; fileRef = F1C9D04314807BB7006AA758 /* background-input@2x.png */; };
		F1C9D04C14807BB7006AA758 /* button-usertype-normal.png in Resources */ = {isa = PBXBuildFile; fileRef = F1C9D04414807BB7006AA758 /* button-usertype-normal.png */; };
		F1C9D04D14807BB7006AA758 /* button-usertype-normal@2x.png in Resources */ = {isa = PBXBuildFile; fileRef = F1C9D04514807BB7006AA758 /* button-usertype-normal@2x.png */; };
		F1C9D04E14807BB7006AA758 /* button-usertype-pressed.png in Resources */ = {isa = PBXBuildFile; fileRef = F1C9D04614807BB7006AA758 /* button-usertype-pressed.png */; };
		F1C9D04F14807BB7006AA758 /* button-usertype-pressed@2x.png in Resources */ = {isa = PBXBuildFile; fileRef = F1C9D04714807BB7006AA758 /* button-usertype-pressed@2x.png */; };
		F1C9D05014807BB7006AA758 /* logo.png in Resources */ = {isa = PBXBuildFile; fileRef = F1C9D04814807BB7006AA758 /* logo.png */; };
		F1C9D05114807BB7006AA758 /* logo@2x.png in Resources */ = {isa = PBXBuildFile; fileRef = F1C9D04914807BB7006AA758 /* logo@2x.png */; };
		F1C9D05814807DB9006AA758 /* button-login-disabled.png in Resources */ = {isa = PBXBuildFile; fileRef = F1C9D05214807DB9006AA758 /* button-login-disabled.png */; };
		F1C9D05914807DB9006AA758 /* button-login-disabled@2x.png in Resources */ = {isa = PBXBuildFile; fileRef = F1C9D05314807DB9006AA758 /* button-login-disabled@2x.png */; };
		F1C9D05A14807DB9006AA758 /* button-login-normal.png in Resources */ = {isa = PBXBuildFile; fileRef = F1C9D05414807DB9006AA758 /* button-login-normal.png */; };
		F1C9D05B14807DB9006AA758 /* button-login-normal@2x.png in Resources */ = {isa = PBXBuildFile; fileRef = F1C9D05514807DB9006AA758 /* button-login-normal@2x.png */; };
		F1C9D05C14807DB9006AA758 /* button-login-pressed.png in Resources */ = {isa = PBXBuildFile; fileRef = F1C9D05614807DB9006AA758 /* button-login-pressed.png */; };
		F1C9D05D14807DB9006AA758 /* button-login-pressed@2x.png in Resources */ = {isa = PBXBuildFile; fileRef = F1C9D05714807DB9006AA758 /* button-login-pressed@2x.png */; };
		F1C9D06C14809404006AA758 /* background-input-disabled.png in Resources */ = {isa = PBXBuildFile; fileRef = F1C9D06214809404006AA758 /* background-input-disabled.png */; };
		F1C9D06D14809404006AA758 /* background-input-disabled@2x.png in Resources */ = {isa = PBXBuildFile; fileRef = F1C9D06314809404006AA758 /* background-input-disabled@2x.png */; };
		F1C9D06E14809404006AA758 /* button-info.png in Resources */ = {isa = PBXBuildFile; fileRef = F1C9D06414809404006AA758 /* button-info.png */; };
		F1C9D06F14809404006AA758 /* button-info@2x.png in Resources */ = {isa = PBXBuildFile; fileRef = F1C9D06514809404006AA758 /* button-info@2x.png */; };
		F1C9D07014809404006AA758 /* button-logout-disabled.png in Resources */ = {isa = PBXBuildFile; fileRef = F1C9D06614809404006AA758 /* button-logout-disabled.png */; };
		F1C9D07114809404006AA758 /* button-logout-disabled@2x.png in Resources */ = {isa = PBXBuildFile; fileRef = F1C9D06714809404006AA758 /* button-logout-disabled@2x.png */; };
		F1C9D07214809404006AA758 /* button-logout-normal.png in Resources */ = {isa = PBXBuildFile; fileRef = F1C9D06814809404006AA758 /* button-logout-normal.png */; };
		F1C9D07314809404006AA758 /* button-logout-normal@2x.png in Resources */ = {isa = PBXBuildFile; fileRef = F1C9D06914809404006AA758 /* button-logout-normal@2x.png */; };
		F1C9D07414809404006AA758 /* button-logout-pressed.png in Resources */ = {isa = PBXBuildFile; fileRef = F1C9D06A14809404006AA758 /* button-logout-pressed.png */; };
		F1C9D07514809404006AA758 /* button-logout-pressed@2x.png in Resources */ = {isa = PBXBuildFile; fileRef = F1C9D06B14809404006AA758 /* button-logout-pressed@2x.png */; };
		F1C9D07C14809DDD006AA758 /* background-notification.png in Resources */ = {isa = PBXBuildFile; fileRef = F1C9D07614809DDD006AA758 /* background-notification.png */; };
		F1C9D07D14809DDD006AA758 /* background-notification@2x.png in Resources */ = {isa = PBXBuildFile; fileRef = F1C9D07714809DDD006AA758 /* background-notification@2x.png */; };
		F1C9D07E14809DDD006AA758 /* image-notification-fail.png in Resources */ = {isa = PBXBuildFile; fileRef = F1C9D07814809DDD006AA758 /* image-notification-fail.png */; };
		F1C9D07F14809DDD006AA758 /* image-notification-fail@2x.png in Resources */ = {isa = PBXBuildFile; fileRef = F1C9D07914809DDD006AA758 /* image-notification-fail@2x.png */; };
		F1C9D08014809DDD006AA758 /* image-notification-success.png in Resources */ = {isa = PBXBuildFile; fileRef = F1C9D07A14809DDD006AA758 /* image-notification-success.png */; };
		F1C9D08114809DDD006AA758 /* image-notification-success@2x.png in Resources */ = {isa = PBXBuildFile; fileRef = F1C9D07B14809DDD006AA758 /* image-notification-success@2x.png */; };
		F1C9D0831480C888006AA758 /* icon@2x.png in Resources */ = {isa = PBXBuildFile; fileRef = F1C9D0821480C888006AA758 /* icon@2x.png */; };
		F1C9D0851480C88C006AA758 /* icon.png in Resources */ = {isa = PBXBuildFile; fileRef = F1C9D0841480C88C006AA758 /* icon.png */; };
		F1C9D0871480C896006AA758 /* Default.png in Resources */ = {isa = PBXBuildFile; fileRef = F1C9D0861480C896006AA758 /* Default.png */; };
		F1C9D0891480C89B006AA758 /* Default@2x.png in Resources */ = {isa = PBXBuildFile; fileRef = F1C9D0881480C89B006AA758 /* Default@2x.png */; };
		F1E25BB713A86B43007979C4 /* UIKit.framework in Frameworks */ = {isa = PBXBuildFile; fileRef = F1E25BB613A86B43007979C4 /* UIKit.framework */; };
		F1E25BB913A86B43007979C4 /* Foundation.framework in Frameworks */ = {isa = PBXBuildFile; fileRef = F1E25BB813A86B43007979C4 /* Foundation.framework */; };
		F1E25BBB13A86B43007979C4 /* CoreGraphics.framework in Frameworks */ = {isa = PBXBuildFile; fileRef = F1E25BBA13A86B43007979C4 /* CoreGraphics.framework */; };
		F1E25BC413A86B43007979C4 /* main.m in Sources */ = {isa = PBXBuildFile; fileRef = F1E25BC313A86B43007979C4 /* main.m */; };
		F1E25BC713A86B43007979C4 /* AutoLoginAppDelegate.m in Sources */ = {isa = PBXBuildFile; fileRef = F1E25BC613A86B43007979C4 /* AutoLoginAppDelegate.m */; };
		F1E25BCA13A86B43007979C4 /* MainWindow.xib in Resources */ = {isa = PBXBuildFile; fileRef = F1E25BC813A86B43007979C4 /* MainWindow.xib */; };
		F1E25BCD13A86B43007979C4 /* AutoLoginViewController.m in Sources */ = {isa = PBXBuildFile; fileRef = F1E25BCC13A86B43007979C4 /* AutoLoginViewController.m */; };
		F1E25BD013A86B43007979C4 /* AutoLoginViewController.xib in Resources */ = {isa = PBXBuildFile; fileRef = F1E25BCE13A86B43007979C4 /* AutoLoginViewController.xib */; };
/* End PBXBuildFile section */

/* Begin PBXFileReference section */
		F118365A1483C3CB00D6ED81 /* logo-codegears.png */ = {isa = PBXFileReference; lastKnownFileType = image.png; name = "logo-codegears.png"; path = "Resources/logo-codegears.png"; sourceTree = "<group>"; };
		F118365B1483C3CB00D6ED81 /* logo-codegears@2x.png */ = {isa = PBXFileReference; lastKnownFileType = image.png; name = "logo-codegears@2x.png"; path = "Resources/logo-codegears@2x.png"; sourceTree = "<group>"; };
		F14A205A13D51E13008EE7A4 /* SystemConfiguration.framework */ = {isa = PBXFileReference; lastKnownFileType = wrapper.framework; name = SystemConfiguration.framework; path = System/Library/Frameworks/SystemConfiguration.framework; sourceTree = SDKROOT; };
		F1526BCC13D54F610013C88D /* AutoLogin.app */ = {isa = PBXFileReference; explicitFileType = wrapper.application; includeInIndex = 0; path = AutoLogin.app; sourceTree = BUILT_PRODUCTS_DIR; };
		F19BA5B513F4B77E00C2C967 /* InfoViewController.h */ = {isa = PBXFileReference; fileEncoding = 4; lastKnownFileType = sourcecode.c.h; path = InfoViewController.h; sourceTree = "<group>"; };
		F19BA5B613F4B77E00C2C967 /* InfoViewController.m */ = {isa = PBXFileReference; fileEncoding = 4; lastKnownFileType = sourcecode.c.objc; path = InfoViewController.m; sourceTree = "<group>"; };
		F19BA5BA13F4B7A700C2C967 /* en */ = {isa = PBXFileReference; lastKnownFileType = file.xib; name = en; path = AutoLogin/en.lproj/InfoView.xib; sourceTree = "<group>"; };
		F1C9D03014806A3C006AA758 /* NSData+AESCrypt.h */ = {isa = PBXFileReference; fileEncoding = 4; lastKnownFileType = sourcecode.c.h; path = "NSData+AESCrypt.h"; sourceTree = "<group>"; };
		F1C9D03114806A3C006AA758 /* NSData+AESCrypt.m */ = {isa = PBXFileReference; fileEncoding = 4; lastKnownFileType = sourcecode.c.objc; path = "NSData+AESCrypt.m"; sourceTree = "<group>"; };
		F1C9D03214806A3C006AA758 /* NSString+AESCrypt.h */ = {isa = PBXFileReference; fileEncoding = 4; lastKnownFileType = sourcecode.c.h; path = "NSString+AESCrypt.h"; sourceTree = "<group>"; };
		F1C9D03314806A3C006AA758 /* NSString+AESCrypt.m */ = {isa = PBXFileReference; fileEncoding = 4; lastKnownFileType = sourcecode.c.objc; path = "NSString+AESCrypt.m"; sourceTree = "<group>"; };
		F1C9D03E14806CDE006AA758 /* background-main.png */ = {isa = PBXFileReference; lastKnownFileType = image.png; name = "background-main.png"; path = "Resources/background-main.png"; sourceTree = "<group>"; };
		F1C9D03F14806CDE006AA758 /* background-main@2x.png */ = {isa = PBXFileReference; lastKnownFileType = image.png; name = "background-main@2x.png"; path = "Resources/background-main@2x.png"; sourceTree = "<group>"; };
		F1C9D04214807BB7006AA758 /* background-input.png */ = {isa = PBXFileReference; lastKnownFileType = image.png; name = "background-input.png"; path = "Resources/background-input.png"; sourceTree = "<group>"; };
		F1C9D04314807BB7006AA758 /* background-input@2x.png */ = {isa = PBXFileReference; lastKnownFileType = image.png; name = "background-input@2x.png"; path = "Resources/background-input@2x.png"; sourceTree = "<group>"; };
		F1C9D04414807BB7006AA758 /* button-usertype-normal.png */ = {isa = PBXFileReference; lastKnownFileType = image.png; name = "button-usertype-normal.png"; path = "Resources/button-usertype-normal.png"; sourceTree = "<group>"; };
		F1C9D04514807BB7006AA758 /* button-usertype-normal@2x.png */ = {isa = PBXFileReference; lastKnownFileType = image.png; name = "button-usertype-normal@2x.png"; path = "Resources/button-usertype-normal@2x.png"; sourceTree = "<group>"; };
		F1C9D04614807BB7006AA758 /* button-usertype-pressed.png */ = {isa = PBXFileReference; lastKnownFileType = image.png; name = "button-usertype-pressed.png"; path = "Resources/button-usertype-pressed.png"; sourceTree = "<group>"; };
		F1C9D04714807BB7006AA758 /* button-usertype-pressed@2x.png */ = {isa = PBXFileReference; lastKnownFileType = image.png; name = "button-usertype-pressed@2x.png"; path = "Resources/button-usertype-pressed@2x.png"; sourceTree = "<group>"; };
		F1C9D04814807BB7006AA758 /* logo.png */ = {isa = PBXFileReference; lastKnownFileType = image.png; name = logo.png; path = Resources/logo.png; sourceTree = "<group>"; };
		F1C9D04914807BB7006AA758 /* logo@2x.png */ = {isa = PBXFileReference; lastKnownFileType = image.png; name = "logo@2x.png"; path = "Resources/logo@2x.png"; sourceTree = "<group>"; };
		F1C9D05214807DB9006AA758 /* button-login-disabled.png */ = {isa = PBXFileReference; lastKnownFileType = image.png; name = "button-login-disabled.png"; path = "Resources/button-login-disabled.png"; sourceTree = "<group>"; };
		F1C9D05314807DB9006AA758 /* button-login-disabled@2x.png */ = {isa = PBXFileReference; lastKnownFileType = image.png; name = "button-login-disabled@2x.png"; path = "Resources/button-login-disabled@2x.png"; sourceTree = "<group>"; };
		F1C9D05414807DB9006AA758 /* button-login-normal.png */ = {isa = PBXFileReference; lastKnownFileType = image.png; name = "button-login-normal.png"; path = "Resources/button-login-normal.png"; sourceTree = "<group>"; };
		F1C9D05514807DB9006AA758 /* button-login-normal@2x.png */ = {isa = PBXFileReference; lastKnownFileType = image.png; name = "button-login-normal@2x.png"; path = "Resources/button-login-normal@2x.png"; sourceTree = "<group>"; };
		F1C9D05614807DB9006AA758 /* button-login-pressed.png */ = {isa = PBXFileReference; lastKnownFileType = image.png; name = "button-login-pressed.png"; path = "Resources/button-login-pressed.png"; sourceTree = "<group>"; };
		F1C9D05714807DB9006AA758 /* button-login-pressed@2x.png */ = {isa = PBXFileReference; lastKnownFileType = image.png; name = "button-login-pressed@2x.png"; path = "Resources/button-login-pressed@2x.png"; sourceTree = "<group>"; };
		F1C9D06214809404006AA758 /* background-input-disabled.png */ = {isa = PBXFileReference; lastKnownFileType = image.png; name = "background-input-disabled.png"; path = "Resources/background-input-disabled.png"; sourceTree = "<group>"; };
		F1C9D06314809404006AA758 /* background-input-disabled@2x.png */ = {isa = PBXFileReference; lastKnownFileType = image.png; name = "background-input-disabled@2x.png"; path = "Resources/background-input-disabled@2x.png"; sourceTree = "<group>"; };
		F1C9D06414809404006AA758 /* button-info.png */ = {isa = PBXFileReference; lastKnownFileType = image.png; name = "button-info.png"; path = "Resources/button-info.png"; sourceTree = "<group>"; };
		F1C9D06514809404006AA758 /* button-info@2x.png */ = {isa = PBXFileReference; lastKnownFileType = image.png; name = "button-info@2x.png"; path = "Resources/button-info@2x.png"; sourceTree = "<group>"; };
		F1C9D06614809404006AA758 /* button-logout-disabled.png */ = {isa = PBXFileReference; lastKnownFileType = image.png; name = "button-logout-disabled.png"; path = "Resources/button-logout-disabled.png"; sourceTree = "<group>"; };
		F1C9D06714809404006AA758 /* button-logout-disabled@2x.png */ = {isa = PBXFileReference; lastKnownFileType = image.png; name = "button-logout-disabled@2x.png"; path = "Resources/button-logout-disabled@2x.png"; sourceTree = "<group>"; };
		F1C9D06814809404006AA758 /* button-logout-normal.png */ = {isa = PBXFileReference; lastKnownFileType = image.png; name = "button-logout-normal.png"; path = "Resources/button-logout-normal.png"; sourceTree = "<group>"; };
		F1C9D06914809404006AA758 /* button-logout-normal@2x.png */ = {isa = PBXFileReference; lastKnownFileType = image.png; name = "button-logout-normal@2x.png"; path = "Resources/button-logout-normal@2x.png"; sourceTree = "<group>"; };
		F1C9D06A14809404006AA758 /* button-logout-pressed.png */ = {isa = PBXFileReference; lastKnownFileType = image.png; name = "button-logout-pressed.png"; path = "Resources/button-logout-pressed.png"; sourceTree = "<group>"; };
		F1C9D06B14809404006AA758 /* button-logout-pressed@2x.png */ = {isa = PBXFileReference; lastKnownFileType = image.png; name = "button-logout-pressed@2x.png"; path = "Resources/button-logout-pressed@2x.png"; sourceTree = "<group>"; };
		F1C9D07614809DDD006AA758 /* background-notification.png */ = {isa = PBXFileReference; lastKnownFileType = image.png; name = "background-notification.png"; path = "Resources/background-notification.png"; sourceTree = "<group>"; };
		F1C9D07714809DDD006AA758 /* background-notification@2x.png */ = {isa = PBXFileReference; lastKnownFileType = image.png; name = "background-notification@2x.png"; path = "Resources/background-notification@2x.png"; sourceTree = "<group>"; };
		F1C9D07814809DDD006AA758 /* image-notification-fail.png */ = {isa = PBXFileReference; lastKnownFileType = image.png; name = "image-notification-fail.png"; path = "Resources/image-notification-fail.png"; sourceTree = "<group>"; };
		F1C9D07914809DDD006AA758 /* image-notification-fail@2x.png */ = {isa = PBXFileReference; lastKnownFileType = image.png; name = "image-notification-fail@2x.png"; path = "Resources/image-notification-fail@2x.png"; sourceTree = "<group>"; };
		F1C9D07A14809DDD006AA758 /* image-notification-success.png */ = {isa = PBXFileReference; lastKnownFileType = image.png; name = "image-notification-success.png"; path = "Resources/image-notification-success.png"; sourceTree = "<group>"; };
		F1C9D07B14809DDD006AA758 /* image-notification-success@2x.png */ = {isa = PBXFileReference; lastKnownFileType = image.png; name = "image-notification-success@2x.png"; path = "Resources/image-notification-success@2x.png"; sourceTree = "<group>"; };
		F1C9D0821480C888006AA758 /* icon@2x.png */ = {isa = PBXFileReference; lastKnownFileType = image.png; name = "icon@2x.png"; path = "../icon@2x.png"; sourceTree = "<group>"; };
		F1C9D0841480C88C006AA758 /* icon.png */ = {isa = PBXFileReference; lastKnownFileType = image.png; name = icon.png; path = ../icon.png; sourceTree = "<group>"; };
		F1C9D0861480C896006AA758 /* Default.png */ = {isa = PBXFileReference; lastKnownFileType = image.png; name = Default.png; path = ../Default.png; sourceTree = "<group>"; };
		F1C9D0881480C89B006AA758 /* Default@2x.png */ = {isa = PBXFileReference; lastKnownFileType = image.png; name = "Default@2x.png"; path = "../Default@2x.png"; sourceTree = "<group>"; };
		F1E25BB613A86B43007979C4 /* UIKit.framework */ = {isa = PBXFileReference; lastKnownFileType = wrapper.framework; name = UIKit.framework; path = System/Library/Frameworks/UIKit.framework; sourceTree = SDKROOT; };
		F1E25BB813A86B43007979C4 /* Foundation.framework */ = {isa = PBXFileReference; lastKnownFileType = wrapper.framework; name = Foundation.framework; path = System/Library/Frameworks/Foundation.framework; sourceTree = SDKROOT; };
		F1E25BBA13A86B43007979C4 /* CoreGraphics.framework */ = {isa = PBXFileReference; lastKnownFileType = wrapper.framework; name = CoreGraphics.framework; path = System/Library/Frameworks/CoreGraphics.framework; sourceTree = SDKROOT; };
		F1E25BBE13A86B43007979C4 /* AutoLogin-Info.plist */ = {isa = PBXFileReference; lastKnownFileType = text.plist.xml; path = "AutoLogin-Info.plist"; sourceTree = "<group>"; };
		F1E25BC213A86B43007979C4 /* AutoLogin-Prefix.pch */ = {isa = PBXFileReference; lastKnownFileType = sourcecode.c.h; path = "AutoLogin-Prefix.pch"; sourceTree = "<group>"; };
		F1E25BC313A86B43007979C4 /* main.m */ = {isa = PBXFileReference; lastKnownFileType = sourcecode.c.objc; path = main.m; sourceTree = "<group>"; };
		F1E25BC513A86B43007979C4 /* AutoLoginAppDelegate.h */ = {isa = PBXFileReference; lastKnownFileType = sourcecode.c.h; path = AutoLoginAppDelegate.h; sourceTree = "<group>"; };
		F1E25BC613A86B43007979C4 /* AutoLoginAppDelegate.m */ = {isa = PBXFileReference; lastKnownFileType = sourcecode.c.objc; path = AutoLoginAppDelegate.m; sourceTree = "<group>"; };
		F1E25BC913A86B43007979C4 /* en */ = {isa = PBXFileReference; lastKnownFileType = file.xib; name = en; path = en.lproj/MainWindow.xib; sourceTree = "<group>"; };
		F1E25BCB13A86B43007979C4 /* AutoLoginViewController.h */ = {isa = PBXFileReference; lastKnownFileType = sourcecode.c.h; path = AutoLoginViewController.h; sourceTree = "<group>"; };
		F1E25BCC13A86B43007979C4 /* AutoLoginViewController.m */ = {isa = PBXFileReference; lastKnownFileType = sourcecode.c.objc; path = AutoLoginViewController.m; sourceTree = "<group>"; };
		F1E25BCF13A86B43007979C4 /* en */ = {isa = PBXFileReference; lastKnownFileType = file.xib; name = en; path = en.lproj/AutoLoginViewController.xib; sourceTree = "<group>"; };
/* End PBXFileReference section */

/* Begin PBXFrameworksBuildPhase section */
		F1E25BAF13A86B43007979C4 /* Frameworks */ = {
			isa = PBXFrameworksBuildPhase;
			buildActionMask = 2147483647;
			files = (
				F14A205B13D51E13008EE7A4 /* SystemConfiguration.framework in Frameworks */,
				F1E25BB713A86B43007979C4 /* UIKit.framework in Frameworks */,
				F1E25BB913A86B43007979C4 /* Foundation.framework in Frameworks */,
				F1E25BBB13A86B43007979C4 /* CoreGraphics.framework in Frameworks */,
			);
			runOnlyForDeploymentPostprocessing = 0;
		};
/* End PBXFrameworksBuildPhase section */

/* Begin PBXGroup section */
		F182A4C81467854C00CEA3EF /* External */ = {
			isa = PBXGroup;
			children = (
				F1C9D02F14806A3C006AA758 /* AESCrypt */,
			);
			name = External;
			sourceTree = "<group>";
		};
		F182A4D01467856B00CEA3EF /* Interface */ = {
			isa = PBXGroup;
			children = (
				F1E25BCE13A86B43007979C4 /* AutoLoginViewController.xib */,
				F19BA5B913F4B7A700C2C967 /* InfoView.xib */,
			);
			name = Interface;
			sourceTree = "<group>";
		};
		F182A4D11467857B00CEA3EF /* Base */ = {
			isa = PBXGroup;
			children = (
				F1E25BC513A86B43007979C4 /* AutoLoginAppDelegate.h */,
				F1E25BC613A86B43007979C4 /* AutoLoginAppDelegate.m */,
				F1E25BC813A86B43007979C4 /* MainWindow.xib */,
			);
			name = Base;
			sourceTree = "<group>";
		};
		F182A4D21467859E00CEA3EF /* Resources */ = {
			isa = PBXGroup;
			children = (
				F1C9D0881480C89B006AA758 /* Default@2x.png */,
				F1C9D0861480C896006AA758 /* Default.png */,
				F1C9D0841480C88C006AA758 /* icon.png */,
				F1C9D0821480C888006AA758 /* icon@2x.png */,
				F118365A1483C3CB00D6ED81 /* logo-codegears.png */,
				F118365B1483C3CB00D6ED81 /* logo-codegears@2x.png */,
				F1C9D07614809DDD006AA758 /* background-notification.png */,
				F1C9D07714809DDD006AA758 /* background-notification@2x.png */,
				F1C9D07814809DDD006AA758 /* image-notification-fail.png */,
				F1C9D07914809DDD006AA758 /* image-notification-fail@2x.png */,
				F1C9D07A14809DDD006AA758 /* image-notification-success.png */,
				F1C9D07B14809DDD006AA758 /* image-notification-success@2x.png */,
				F1C9D06214809404006AA758 /* background-input-disabled.png */,
				F1C9D06314809404006AA758 /* background-input-disabled@2x.png */,
				F1C9D06414809404006AA758 /* button-info.png */,
				F1C9D06514809404006AA758 /* button-info@2x.png */,
				F1C9D06614809404006AA758 /* button-logout-disabled.png */,
				F1C9D06714809404006AA758 /* button-logout-disabled@2x.png */,
				F1C9D06814809404006AA758 /* button-logout-normal.png */,
				F1C9D06914809404006AA758 /* button-logout-normal@2x.png */,
				F1C9D06A14809404006AA758 /* button-logout-pressed.png */,
				F1C9D06B14809404006AA758 /* button-logout-pressed@2x.png */,
				F1C9D05214807DB9006AA758 /* button-login-disabled.png */,
				F1C9D05314807DB9006AA758 /* button-login-disabled@2x.png */,
				F1C9D05414807DB9006AA758 /* button-login-normal.png */,
				F1C9D05514807DB9006AA758 /* button-login-normal@2x.png */,
				F1C9D05614807DB9006AA758 /* button-login-pressed.png */,
				F1C9D05714807DB9006AA758 /* button-login-pressed@2x.png */,
				F1C9D04214807BB7006AA758 /* background-input.png */,
				F1C9D04314807BB7006AA758 /* background-input@2x.png */,
				F1C9D04414807BB7006AA758 /* button-usertype-normal.png */,
				F1C9D04514807BB7006AA758 /* button-usertype-normal@2x.png */,
				F1C9D04614807BB7006AA758 /* button-usertype-pressed.png */,
				F1C9D04714807BB7006AA758 /* button-usertype-pressed@2x.png */,
				F1C9D04814807BB7006AA758 /* logo.png */,
				F1C9D04914807BB7006AA758 /* logo@2x.png */,
				F1C9D03E14806CDE006AA758 /* background-main.png */,
				F1C9D03F14806CDE006AA758 /* background-main@2x.png */,
			);
			name = Resources;
			sourceTree = "<group>";
		};
		F182A4D3146785B000CEA3EF /* ViewControllers */ = {
			isa = PBXGroup;
			children = (
				F1E25BCB13A86B43007979C4 /* AutoLoginViewController.h */,
				F1E25BCC13A86B43007979C4 /* AutoLoginViewController.m */,
				F19BA5B513F4B77E00C2C967 /* InfoViewController.h */,
				F19BA5B613F4B77E00C2C967 /* InfoViewController.m */,
			);
			name = ViewControllers;
			sourceTree = "<group>";
		};
		F1C9D02F14806A3C006AA758 /* AESCrypt */ = {
			isa = PBXGroup;
			children = (
				F1C9D03014806A3C006AA758 /* NSData+AESCrypt.h */,
				F1C9D03114806A3C006AA758 /* NSData+AESCrypt.m */,
				F1C9D03214806A3C006AA758 /* NSString+AESCrypt.h */,
				F1C9D03314806A3C006AA758 /* NSString+AESCrypt.m */,
			);
			name = AESCrypt;
			path = AutoLogin/External/AESCrypt;
			sourceTree = "<group>";
		};
		F1E25BA713A86B43007979C4 = {
			isa = PBXGroup;
			children = (
				F182A4C81467854C00CEA3EF /* External */,
				F1E25BBC13A86B43007979C4 /* AutoLogin */,
				F1E25BB513A86B43007979C4 /* Frameworks */,
				F1E25BB313A86B43007979C4 /* Products */,
			);
			sourceTree = "<group>";
		};
		F1E25BB313A86B43007979C4 /* Products */ = {
			isa = PBXGroup;
			children = (
				F1526BCC13D54F610013C88D /* AutoLogin.app */,
			);
			name = Products;
			sourceTree = "<group>";
		};
		F1E25BB513A86B43007979C4 /* Frameworks */ = {
			isa = PBXGroup;
			children = (
				F14A205A13D51E13008EE7A4 /* SystemConfiguration.framework */,
				F1E25BB613A86B43007979C4 /* UIKit.framework */,
				F1E25BB813A86B43007979C4 /* Foundation.framework */,
				F1E25BBA13A86B43007979C4 /* CoreGraphics.framework */,
			);
			name = Frameworks;
			sourceTree = "<group>";
		};
		F1E25BBC13A86B43007979C4 /* AutoLogin */ = {
			isa = PBXGroup;
			children = (
				F182A4D3146785B000CEA3EF /* ViewControllers */,
				F182A4D21467859E00CEA3EF /* Resources */,
				F182A4D11467857B00CEA3EF /* Base */,
				F182A4D01467856B00CEA3EF /* Interface */,
				F1E25BBD13A86B43007979C4 /* Supporting Files */,
			);
			path = AutoLogin;
			sourceTree = "<group>";
		};
		F1E25BBD13A86B43007979C4 /* Supporting Files */ = {
			isa = PBXGroup;
			children = (
				F1E25BBE13A86B43007979C4 /* AutoLogin-Info.plist */,
				F1E25BC213A86B43007979C4 /* AutoLogin-Prefix.pch */,
				F1E25BC313A86B43007979C4 /* main.m */,
			);
			name = "Supporting Files";
			sourceTree = "<group>";
		};
/* End PBXGroup section */

/* Begin PBXNativeTarget section */
		F1E25BB113A86B43007979C4 /* AutoLogin */ = {
			isa = PBXNativeTarget;
			buildConfigurationList = F1E25BE913A86B44007979C4 /* Build configuration list for PBXNativeTarget "AutoLogin" */;
			buildPhases = (
				F1E25BAE13A86B43007979C4 /* Sources */,
				F1E25BAF13A86B43007979C4 /* Frameworks */,
				F1E25BB013A86B43007979C4 /* Resources */,
			);
			buildRules = (
			);
			dependencies = (
			);
			name = AutoLogin;
			productName = AutoLogin;
			productReference = F1526BCC13D54F610013C88D /* AutoLogin.app */;
			productType = "com.apple.product-type.application";
		};
/* End PBXNativeTarget section */

/* Begin PBXProject section */
		F1E25BA913A86B43007979C4 /* Project object */ = {
			isa = PBXProject;
			attributes = {
				LastUpgradeCheck = 0420;
				ORGANIZATIONNAME = "Universidad Tecnica Federico Santa Mari­a";
			};
			buildConfigurationList = F1E25BAC13A86B43007979C4 /* Build configuration list for PBXProject "AutoLogin" */;
			compatibilityVersion = "Xcode 3.2";
			developmentRegion = English;
			hasScannedForEncodings = 0;
			knownRegions = (
				en,
			);
			mainGroup = F1E25BA713A86B43007979C4;
			productRefGroup = F1E25BB313A86B43007979C4 /* Products */;
			projectDirPath = "";
			projectRoot = "";
			targets = (
				F1E25BB113A86B43007979C4 /* AutoLogin */,
			);
		};
/* End PBXProject section */

/* Begin PBXResourcesBuildPhase section */
		F1E25BB013A86B43007979C4 /* Resources */ = {
			isa = PBXResourcesBuildPhase;
			buildActionMask = 2147483647;
			files = (
				F1E25BCA13A86B43007979C4 /* MainWindow.xib in Resources */,
				F1E25BD013A86B43007979C4 /* AutoLoginViewController.xib in Resources */,
				F19BA5BB13F4B7A700C2C967 /* InfoView.xib in Resources */,
				F1C9D04014806CDE006AA758 /* background-main.png in Resources */,
				F1C9D04114806CDE006AA758 /* background-main@2x.png in Resources */,
				F1C9D04A14807BB7006AA758 /* background-input.png in Resources */,
				F1C9D04B14807BB7006AA758 /* background-input@2x.png in Resources */,
				F1C9D04C14807BB7006AA758 /* button-usertype-normal.png in Resources */,
				F1C9D04D14807BB7006AA758 /* button-usertype-normal@2x.png in Resources */,
				F1C9D04E14807BB7006AA758 /* button-usertype-pressed.png in Resources */,
				F1C9D04F14807BB7006AA758 /* button-usertype-pressed@2x.png in Resources */,
				F1C9D05014807BB7006AA758 /* logo.png in Resources */,
				F1C9D05114807BB7006AA758 /* logo@2x.png in Resources */,
				F1C9D05814807DB9006AA758 /* button-login-disabled.png in Resources */,
				F1C9D05914807DB9006AA758 /* button-login-disabled@2x.png in Resources */,
				F1C9D05A14807DB9006AA758 /* button-login-normal.png in Resources */,
				F1C9D05B14807DB9006AA758 /* button-login-normal@2x.png in Resources */,
				F1C9D05C14807DB9006AA758 /* button-login-pressed.png in Resources */,
				F1C9D05D14807DB9006AA758 /* button-login-pressed@2x.png in Resources */,
				F1C9D06C14809404006AA758 /* background-input-disabled.png in Resources */,
				F1C9D06D14809404006AA758 /* background-input-disabled@2x.png in Resources */,
				F1C9D06E14809404006AA758 /* button-info.png in Resources */,
				F1C9D06F14809404006AA758 /* button-info@2x.png in Resources */,
				F1C9D07014809404006AA758 /* button-logout-disabled.png in Resources */,
				F1C9D07114809404006AA758 /* button-logout-disabled@2x.png in Resources */,
				F1C9D07214809404006AA758 /* button-logout-normal.png in Resources */,
				F1C9D07314809404006AA758 /* button-logout-normal@2x.png in Resources */,
				F1C9D07414809404006AA758 /* button-logout-pressed.png in Resources */,
				F1C9D07514809404006AA758 /* button-logout-pressed@2x.png in Resources */,
				F1C9D07C14809DDD006AA758 /* background-notification.png in Resources */,
				F1C9D07D14809DDD006AA758 /* background-notification@2x.png in Resources */,
				F1C9D07E14809DDD006AA758 /* image-notification-fail.png in Resources */,
				F1C9D07F14809DDD006AA758 /* image-notification-fail@2x.png in Resources */,
				F1C9D08014809DDD006AA758 /* image-notification-success.png in Resources */,
				F1C9D08114809DDD006AA758 /* image-notification-success@2x.png in Resources */,
				F1C9D0831480C888006AA758 /* icon@2x.png in Resources */,
				F1C9D0851480C88C006AA758 /* icon.png in Resources */,
				F1C9D0871480C896006AA758 /* Default.png in Resources */,
				F1C9D0891480C89B006AA758 /* Default@2x.png in Resources */,
				F118365C1483C3CB00D6ED81 /* logo-codegears.png in Resources */,
				F118365D1483C3CB00D6ED81 /* logo-codegears@2x.png in Resources */,
			);
			runOnlyForDeploymentPostprocessing = 0;
		};
/* End PBXResourcesBuildPhase section */

/* Begin PBXSourcesBuildPhase section */
		F1E25BAE13A86B43007979C4 /* Sources */ = {
			isa = PBXSourcesBuildPhase;
			buildActionMask = 2147483647;
			files = (
				F1E25BC413A86B43007979C4 /* main.m in Sources */,
				F1E25BC713A86B43007979C4 /* AutoLoginAppDelegate.m in Sources */,
				F1E25BCD13A86B43007979C4 /* AutoLoginViewController.m in Sources */,
				F19BA5B713F4B77E00C2C967 /* InfoViewController.m in Sources */,
				F1C9D03414806A3C006AA758 /* NSData+AESCrypt.m in Sources */,
				F1C9D03514806A3C006AA758 /* NSString+AESCrypt.m in Sources */,
			);
			runOnlyForDeploymentPostprocessing = 0;
		};
/* End PBXSourcesBuildPhase section */

/* Begin PBXVariantGroup section */
		F19BA5B913F4B7A700C2C967 /* InfoView.xib */ = {
			isa = PBXVariantGroup;
			children = (
				F19BA5BA13F4B7A700C2C967 /* en */,
			);
			name = InfoView.xib;
			path = ..;
			sourceTree = "<group>";
		};
		F1E25BC813A86B43007979C4 /* MainWindow.xib */ = {
			isa = PBXVariantGroup;
			children = (
				F1E25BC913A86B43007979C4 /* en */,
			);
			name = MainWindow.xib;
			sourceTree = "<group>";
		};
		F1E25BCE13A86B43007979C4 /* AutoLoginViewController.xib */ = {
			isa = PBXVariantGroup;
			children = (
				F1E25BCF13A86B43007979C4 /* en */,
			);
			name = AutoLoginViewController.xib;
			sourceTree = "<group>";
		};
/* End PBXVariantGroup section */

/* Begin XCBuildConfiguration section */
		F1E25BE713A86B44007979C4 /* Debug */ = {
			isa = XCBuildConfiguration;
			buildSettings = {
				ARCHS = (
					armv7,
					armv6,
				);
				CODE_SIGN_IDENTITY = "iPhone Developer: Camilo AndrÃ©s Vera Bezmalinovic (8ZBJ2Z6YYD)";
				"CODE_SIGN_IDENTITY[sdk=iphoneos*]" = "iPhone Developer";
				GCC_C_LANGUAGE_STANDARD = gnu99;
				GCC_OPTIMIZATION_LEVEL = 0;
				GCC_PREPROCESSOR_DEFINITIONS = DEBUG;
				GCC_SYMBOLS_PRIVATE_EXTERN = NO;
				GCC_VERSION = com.apple.compilers.llvmgcc42;
				GCC_WARN_ABOUT_RETURN_TYPE = YES;
				GCC_WARN_UNUSED_VARIABLE = YES;
				IPHONEOS_DEPLOYMENT_TARGET = 4.2;
				PROVISIONING_PROFILE = "5907B25E-8686-43E6-A1DE-310E3572F6E4";
				"PROVISIONING_PROFILE[sdk=iphoneos*]" = "";
				SDKROOT = iphoneos;
			};
			name = Debug;
		};
		F1E25BE813A86B44007979C4 /* Release */ = {
			isa = XCBuildConfiguration;
			buildSettings = {
				ARCHS = (
					armv7,
					armv6,
				);
				CODE_SIGN_IDENTITY = "iPhone Developer: Camilo AndrÃ©s Vera Bezmalinovic (8ZBJ2Z6YYD)";
				"CODE_SIGN_IDENTITY[sdk=iphoneos*]" = "iPhone Developer";
				GCC_C_LANGUAGE_STANDARD = gnu99;
				GCC_VERSION = com.apple.compilers.llvmgcc42;
				GCC_WARN_ABOUT_RETURN_TYPE = YES;
				GCC_WARN_UNUSED_VARIABLE = YES;
				IPHONEOS_DEPLOYMENT_TARGET = 4.2;
				OTHER_CFLAGS = "-DNS_BLOCK_ASSERTIONS=1";
				PROVISIONING_PROFILE = "5907B25E-8686-43E6-A1DE-310E3572F6E4";
				"PROVISIONING_PROFILE[sdk=iphoneos*]" = "";
				SDKROOT = iphoneos;
			};
			name = Release;
		};
		F1E25BEA13A86B44007979C4 /* Debug */ = {
			isa = XCBuildConfiguration;
			buildSettings = {
				ALWAYS_SEARCH_USER_PATHS = NO;
				COPY_PHASE_STRIP = NO;
				GCC_DYNAMIC_NO_PIC = NO;
				GCC_PRECOMPILE_PREFIX_HEADER = YES;
				GCC_PREFIX_HEADER = "AutoLogin/AutoLogin-Prefix.pch";
				INFOPLIST_FILE = "AutoLogin/AutoLogin-Info.plist";
				IPHONEOS_DEPLOYMENT_TARGET = 4.2;
				PRODUCT_NAME = "$(TARGET_NAME)";
				TARGETED_DEVICE_FAMILY = 1;
				WRAPPER_EXTENSION = app;
			};
			name = Debug;
		};
		F1E25BEB13A86B44007979C4 /* Release */ = {
			isa = XCBuildConfiguration;
			buildSettings = {
				ALWAYS_SEARCH_USER_PATHS = NO;
				COPY_PHASE_STRIP = YES;
				GCC_PRECOMPILE_PREFIX_HEADER = YES;
				GCC_PREFIX_HEADER = "AutoLogin/AutoLogin-Prefix.pch";
				INFOPLIST_FILE = "AutoLogin/AutoLogin-Info.plist";
				IPHONEOS_DEPLOYMENT_TARGET = 4.2;
				PRODUCT_NAME = "$(TARGET_NAME)";
				TARGETED_DEVICE_FAMILY = 1;
				VALIDATE_PRODUCT = YES;
				WRAPPER_EXTENSION = app;
			};
			name = Release;
		};
/* End XCBuildConfiguration section */

/* Begin XCConfigurationList section */
		F1E25BAC13A86B43007979C4 /* Build configuration list for PBXProject "AutoLogin" */ = {
			isa = XCConfigurationList;
			buildConfigurations = (
				F1E25BE713A86B44007979C4 /* Debug */,
				F1E25BE813A86B44007979C4 /* Release */,
			);
			defaultConfigurationIsVisible = 0;
			defaultConfigurationName = Release;
		};
		F1E25BE913A86B44007979C4 /* Build configuration list for PBXNativeTarget "AutoLogin" */ = {
			isa = XCConfigurationList;
			buildConfigurations = (
				F1E25BEA13A86B44007979C4 /* Debug */,
				F1E25BEB13A86B44007979C4 /* Release */,
			);
			defaultConfigurationIsVisible = 0;
			defaultConfigurationName = Release;
		};
/* End XCConfigurationList section */
	};
	rootObject = F1E25BA913A86B43007979C4 /* Project object */;
}
